{
  "nodes": {
    "devshell": {
      "inputs": {
        "nixpkgs": "nixpkgs",
        "systems": "systems"
      },
      "locked": {
        "lastModified": 1692523566,
        "narHash": "sha256-VDJDihK6jNebVw9y3qKCVD6+6QaC/x8kxZzL4MaIPPY=",
        "owner": "numtide",
        "repo": "devshell",
        "rev": "d208c58e2f7afef838add5f18a9936b12a71d695",
        "type": "github"
      },
      "original": {
        "owner": "numtide",
        "repo": "devshell",
        "type": "github"
      }
    },
    "devshell_2": {
      "inputs": {
        "nixpkgs": [
          "fly",
          "nixpkgs"
        ],
        "systems": "systems_3"
      },
      "locked": {
        "lastModified": 1692523566,
        "narHash": "sha256-VDJDihK6jNebVw9y3qKCVD6+6QaC/x8kxZzL4MaIPPY=",
        "owner": "numtide",
        "repo": "devshell",
        "rev": "d208c58e2f7afef838add5f18a9936b12a71d695",
        "type": "github"
      },
      "original": {
        "owner": "numtide",
        "repo": "devshell",
        "type": "github"
      }
    },
    "flake-utils": {
      "inputs": {
        "systems": "systems_2"
      },
      "locked": {
        "lastModified": 1689068808,
        "narHash": "sha256-6ixXo3wt24N/melDWjq70UuHQLxGV8jZvooRanIHXw0=",
        "owner": "numtide",
        "repo": "flake-utils",
        "rev": "919d646de7be200f3bf08cb76ae1f09402b6f9b4",
        "type": "github"
      },
      "original": {
        "owner": "numtide",
        "repo": "flake-utils",
        "type": "github"
      }
    },
    "fly": {
      "inputs": {
        "devshell": "devshell_2",
        "flake-utils": [
          "flake-utils"
        ],
        "nixpkgs": [
          "nixpkgs"
        ],
        "src": "src"
      },
      "locked": {
        "lastModified": 1,
        "narHash": "sha256-xNWBRhK2wJYhoeGupOejHYbBDS8pDHI0dRr3DT/EiE4=",
        "path": "./pkgs/fly",
        "type": "path"
      },
      "original": {
        "path": "./pkgs/fly",
        "type": "path"
      }
    },
    "nixpkgs": {
      "locked": {
        "lastModified": 1677383253,
        "narHash": "sha256-UfpzWfSxkfXHnb4boXZNaKsAcUrZT9Hw+tao1oZxd08=",
        "owner": "NixOS",
        "repo": "nixpkgs",
        "rev": "9952d6bc395f5841262b006fbace8dd7e143b634",
        "type": "github"
      },
      "original": {
        "owner": "NixOS",
        "ref": "nixpkgs-unstable",
        "repo": "nixpkgs",
        "type": "github"
      }
    },
    "nixpkgs_2": {
      "locked": {
        "lastModified": 1692557222,
        "narHash": "sha256-TCOtZaioLf/jTEgfa+nyg0Nwq5Uc610Z+OFV75yUgGw=",
        "owner": "nixos",
        "repo": "nixpkgs",
        "rev": "0b07d4957ee1bd7fd3bdfd12db5f361bd70175a6",
        "type": "github"
      },
      "original": {
        "owner": "nixos",
        "ref": "nixpkgs-unstable",
        "repo": "nixpkgs",
        "type": "github"
      }
    },
    "root": {
      "inputs": {
        "devshell": "devshell",
        "flake-utils": "flake-utils",
        "fly": "fly",
        "nixpkgs": "nixpkgs_2"
      }
    },
    "src": {
      "flake": false,
      "locked": {
        "lastModified": 1616772018,
        "narHash": "sha256-rTLU4WkojH4vpJs9qNzxCDeivWH1r12Bt2PF+3Fx91Q=",
        "owner": "concourse",
        "repo": "concourse",
        "rev": "5959c4f580d71081060fdfb3d727f703411074ba",
        "type": "github"
      },
      "original": {
        "owner": "concourse",
        "ref": "v6.7.6",
        "repo": "concourse",
        "type": "github"
      }
    },
    "systems": {
      "locked": {
        "lastModified": 1681028828,
        "narHash": "sha256-Vy1rq5AaRuLzOxct8nz4T6wlgyUR7zLU309k9mBC768=",
        "owner": "nix-systems",
        "repo": "default",
        "rev": "da67096a3b9bf56a91d16901293e51ba5b49a27e",
        "type": "github"
      },
      "original": {
        "owner": "nix-systems",
        "repo": "default",
        "type": "github"
      }
    },
    "systems_2": {
      "locked": {
        "lastModified": 1681028828,
        "narHash": "sha256-Vy1rq5AaRuLzOxct8nz4T6wlgyUR7zLU309k9mBC768=",
        "owner": "nix-systems",
        "repo": "default",
        "rev": "da67096a3b9bf56a91d16901293e51ba5b49a27e",
        "type": "github"
      },
      "original": {
        "owner": "nix-systems",
        "repo": "default",
        "type": "github"
      }
    },
    "systems_3": {
      "locked": {
        "lastModified": 1681028828,
        "narHash": "sha256-Vy1rq5AaRuLzOxct8nz4T6wlgyUR7zLU309k9mBC768=",
        "owner": "nix-systems",
        "repo": "default",
        "rev": "da67096a3b9bf56a91d16901293e51ba5b49a27e",
        "type": "github"
      },
      "original": {
        "owner": "nix-systems",
        "repo": "default",
        "type": "github"
      }
    }
  },
  "root": "root",
  "version": 7
}
