{
  "nodes": {
    "flake-parts": {
      "inputs": {
        "nixpkgs-lib": "nixpkgs-lib"
      },
      "locked": {
        "lastModified": 1696343447,
        "narHash": "sha256-B2xAZKLkkeRFG5XcHHSXXcP7To9Xzr59KXeZiRf4vdQ=",
        "owner": "hercules-ci",
        "repo": "flake-parts",
        "rev": "c9afaba3dfa4085dbd2ccb38dfade5141e33d9d4",
        "type": "github"
      },
      "original": {
        "owner": "hercules-ci",
        "repo": "flake-parts",
        "type": "github"
      }
    },
    "fly": {
      "flake": false,
      "locked": {
        "lastModified": 1616772018,
        "narHash": "sha256-rTLU4WkojH4vpJs9qNzxCDeivWH1r12Bt2PF+3Fx91Q=",
        "owner": "concourse",
        "repo": "concourse",
        "rev": "5959c4f580d71081060fdfb3d727f703411074ba",
        "type": "github"
      },
      "original": {
        "owner": "concourse",
        "ref": "v6.7.6",
        "repo": "concourse",
        "type": "github"
      }
    },
    "nixpkgs": {
      "locked": {
        "lastModified": 1697009197,
        "narHash": "sha256-viVRhBTFT8fPJTb1N3brQIpFZnttmwo3JVKNuWRVc3s=",
        "owner": "nixos",
        "repo": "nixpkgs",
        "rev": "01441e14af5e29c9d27ace398e6dd0b293e25a54",
        "type": "github"
      },
      "original": {
        "owner": "nixos",
        "ref": "nixpkgs-unstable",
        "repo": "nixpkgs",
        "type": "github"
      }
    },
    "nixpkgs-lib": {
      "locked": {
        "dir": "lib",
        "lastModified": 1696019113,
        "narHash": "sha256-X3+DKYWJm93DRSdC5M6K5hLqzSya9BjibtBsuARoPco=",
        "owner": "NixOS",
        "repo": "nixpkgs",
        "rev": "f5892ddac112a1e9b3612c39af1b72987ee5783a",
        "type": "github"
      },
      "original": {
        "dir": "lib",
        "owner": "NixOS",
        "ref": "nixos-unstable",
        "repo": "nixpkgs",
        "type": "github"
      }
    },
    "poetry-monorepo-dependency-plugin": {
      "flake": false,
      "locked": {
        "lastModified": 1694025730,
        "narHash": "sha256-oTvZ/fNBiLQNLAuc1CEhi6rA5N5AsxdjK/Z5HobxedI=",
        "owner": "TechnologyBrewery",
        "repo": "poetry-monorepo-dependency-plugin",
        "rev": "685eb05b62df09f942fc169a8f844c255ac1d2f1",
        "type": "github"
      },
      "original": {
        "owner": "TechnologyBrewery",
        "ref": "poetry-monorepo-dependency-plugin-1.1.0",
        "repo": "poetry-monorepo-dependency-plugin",
        "type": "github"
      }
    },
    "root": {
      "inputs": {
        "flake-parts": "flake-parts",
        "fly": "fly",
        "nixpkgs": "nixpkgs",
        "poetry-monorepo-dependency-plugin": "poetry-monorepo-dependency-plugin",
        "systems": "systems"
      }
    },
    "systems": {
      "locked": {
        "lastModified": 1681028828,
        "narHash": "sha256-Vy1rq5AaRuLzOxct8nz4T6wlgyUR7zLU309k9mBC768=",
        "owner": "nix-systems",
        "repo": "default",
        "rev": "da67096a3b9bf56a91d16901293e51ba5b49a27e",
        "type": "github"
      },
      "original": {
        "owner": "nix-systems",
        "repo": "default",
        "type": "github"
      }
    }
  },
  "root": "root",
  "version": 7
}
